
Microsoft Visual Studio Solution File, Format Version 12.00
# Visual Studio 2012
Project("{FAE04EC0-301F-11D3-BF4B-00C04F79EFBC}") = "FaceUp", "FaceUp.csproj", "{A2A56242-190E-4D76-A1F7-BE481DCB3B59}"
EndProject
Global
	GlobalSection(SolutionConfigurationPlatforms) = preSolution
		Debug|Any CPU = Debug|Any CPU
		Release|Any CPU = Release|Any CPU
	EndGlobalSection
	GlobalSection(ProjectConfigurationPlatforms) = postSolution
		{A2A56242-190E-4D76-A1F7-BE481DCB3B59}.Debug|Any CPU.ActiveCfg = Debug|Any CPU
		{A2A56242-190E-4D76-A1F7-BE481DCB3B59}.Debug|Any CPU.Build.0 = Debug|Any CPU
		{A2A56242-190E-4D76-A1F7-BE481DCB3B59}.Release|Any CPU.ActiveCfg = Debug|Any CPU
		{A2A56242-190E-4D76-A1F7-BE481DCB3B59}.Release|Any CPU.Build.0 = Debug|Any CPU
	EndGlobalSection
	GlobalSection(SolutionProperties) = preSolution
		HideSolutionNode = FALSE
	EndGlobalSection
EndGlobal
